
Microsoft Visual Studio Solution File, Format Version 12.00
# Visual Studio 15
VisualStudioVersion = 15.0.27130.2036
MinimumVisualStudioVersion = 10.0.40219.1
Project("{FAE04EC0-301F-11D3-BF4B-00C04F79EFBC}") = "TechApp", "TechApp\TechApp.csproj", "{F3CC2464-DD31-4AEA-B23A-BB69227F4254}"
EndProject
Project("{FAE04EC0-301F-11D3-BF4B-00C04F79EFBC}") = "PluginContract", "PluginContract\PluginContract.csproj", "{B66D90F2-6217-484E-821B-54612071260F}"
EndProject
Project("{FAE04EC0-301F-11D3-BF4B-00C04F79EFBC}") = "HelloWorld", "HelloWorld\HelloWorld.csproj", "{DD4668C4-DBAC-4617-B5D3-F5F01A88BDC1}"
EndProject
Project("{FAE04EC0-301F-11D3-BF4B-00C04F79EFBC}") = "MatrixServer", "Matrix\MatrixServer.csproj", "{647B372D-AED3-4BFE-8AD6-8E7586D3B85D}"
EndProject
Global
	GlobalSection(SolutionConfigurationPlatforms) = preSolution
		Debug|Any CPU = Debug|Any CPU
		Release|Any CPU = Release|Any CPU
	EndGlobalSection
	GlobalSection(ProjectConfigurationPlatforms) = postSolution
		{F3CC2464-DD31-4AEA-B23A-BB69227F4254}.Debug|Any CPU.ActiveCfg = Debug|Any CPU
		{F3CC2464-DD31-4AEA-B23A-BB69227F4254}.Debug|Any CPU.Build.0 = Debug|Any CPU
		{F3CC2464-DD31-4AEA-B23A-BB69227F4254}.Release|Any CPU.ActiveCfg = Release|Any CPU
		{F3CC2464-DD31-4AEA-B23A-BB69227F4254}.Release|Any CPU.Build.0 = Release|Any CPU
		{B66D90F2-6217-484E-821B-54612071260F}.Debug|Any CPU.ActiveCfg = Debug|Any CPU
		{B66D90F2-6217-484E-821B-54612071260F}.Debug|Any CPU.Build.0 = Debug|Any CPU
		{B66D90F2-6217-484E-821B-54612071260F}.Release|Any CPU.ActiveCfg = Release|Any CPU
		{B66D90F2-6217-484E-821B-54612071260F}.Release|Any CPU.Build.0 = Release|Any CPU
		{DD4668C4-DBAC-4617-B5D3-F5F01A88BDC1}.Debug|Any CPU.ActiveCfg = Debug|Any CPU
		{DD4668C4-DBAC-4617-B5D3-F5F01A88BDC1}.Debug|Any CPU.Build.0 = Debug|Any CPU
		{DD4668C4-DBAC-4617-B5D3-F5F01A88BDC1}.Release|Any CPU.ActiveCfg = Release|Any CPU
		{DD4668C4-DBAC-4617-B5D3-F5F01A88BDC1}.Release|Any CPU.Build.0 = Release|Any CPU
		{647B372D-AED3-4BFE-8AD6-8E7586D3B85D}.Debug|Any CPU.ActiveCfg = Debug|Any CPU
		{647B372D-AED3-4BFE-8AD6-8E7586D3B85D}.Debug|Any CPU.Build.0 = Debug|Any CPU
		{647B372D-AED3-4BFE-8AD6-8E7586D3B85D}.Release|Any CPU.ActiveCfg = Release|Any CPU
		{647B372D-AED3-4BFE-8AD6-8E7586D3B85D}.Release|Any CPU.Build.0 = Release|Any CPU
	EndGlobalSection
	GlobalSection(SolutionProperties) = preSolution
		HideSolutionNode = FALSE
	EndGlobalSection
	GlobalSection(ExtensibilityGlobals) = postSolution
		SolutionGuid = {DC0B6975-2895-4247-894F-B5406E7AE265}
	EndGlobalSection
EndGlobal
